
Microsoft Visual Studio Solution File, Format Version 12.00
# Visual Studio Version 16
VisualStudioVersion = 16.0.31624.102
MinimumVisualStudioVersion = 10.0.40219.1
Project("{FAE04EC0-301F-11D3-BF4B-00C04F79EFBC}") = "FizzBuzzMVC", "FizzBuzzMVC\FizzBuzzMVC.csproj", "{FCE6E361-6CB5-42A7-B9E3-098A863E1424}"
EndProject
Global
	GlobalSection(SolutionConfigurationPlatforms) = preSolution
		Debug|Any CPU = Debug|Any CPU
		Release|Any CPU = Release|Any CPU
	EndGlobalSection
	GlobalSection(ProjectConfigurationPlatforms) = postSolution
		{FCE6E361-6CB5-42A7-B9E3-098A863E1424}.Debug|Any CPU.ActiveCfg = Debug|Any CPU
		{FCE6E361-6CB5-42A7-B9E3-098A863E1424}.Debug|Any CPU.Build.0 = Debug|Any CPU
		{FCE6E361-6CB5-42A7-B9E3-098A863E1424}.Release|Any CPU.ActiveCfg = Release|Any CPU
		{FCE6E361-6CB5-42A7-B9E3-098A863E1424}.Release|Any CPU.Build.0 = Release|Any CPU
	EndGlobalSection
	GlobalSection(SolutionProperties) = preSolution
		HideSolutionNode = FALSE
	EndGlobalSection
	GlobalSection(ExtensibilityGlobals) = postSolution
		SolutionGuid = {D2BF583D-3FBA-43EA-9CA1-46D50837DCD6}
	EndGlobalSection
EndGlobal
